
Microsoft Visual Studio Solution File, Format Version 12.00
# Visual Studio Version 17
VisualStudioVersion = 17.12.35506.116
MinimumVisualStudioVersion = 10.0.40219.1
Project("{2150E333-8FDC-42A3-9474-1A3956D46DE8}") = "BankingAccount", "BankingAccount", "{CA32C65A-D543-42BB-98C3-BC374CCDD01A}"
EndProject
Project("{2150E333-8FDC-42A3-9474-1A3956D46DE8}") = "Microservices", "Microservices", "{D8608C47-23DF-40C5-BF6E-00FCEFF04978}"
EndProject
Project("{2150E333-8FDC-42A3-9474-1A3956D46DE8}") = "CQRS", "CQRS", "{EFA52E9E-BB35-4B3C-847A-751CE82E33A7}"
EndProject
Project("{2150E333-8FDC-42A3-9474-1A3956D46DE8}") = "Command", "Command", "{903F26D2-719B-4AE1-AA6A-1875F9431CCB}"
EndProject
Project("{2150E333-8FDC-42A3-9474-1A3956D46DE8}") = "Query", "Query", "{7B6DCBC4-82F8-4DFD-8019-649E55285329}"
EndProject
Project("{FAE04EC0-301F-11D3-BF4B-00C04F79EFBC}") = "Banking.Cqrs.Core", "Banking.Cqrs.Core\Banking.Cqrs.Core.csproj", "{3FBC71D4-2EC7-4D42-80BF-954A2E2C77C8}"
EndProject
Project("{2150E333-8FDC-42A3-9474-1A3956D46DE8}") = "Api", "Api", "{395DF1AD-FCA7-479E-87CA-AA35475D3FCC}"
EndProject
Project("{2150E333-8FDC-42A3-9474-1A3956D46DE8}") = "Application", "Application", "{2DCF4E39-CDB2-4C27-97E8-D02E44210CA1}"
EndProject
Project("{2150E333-8FDC-42A3-9474-1A3956D46DE8}") = "Domain", "Domain", "{3A627C75-CB32-4DAE-B32A-BBCD49BFF40C}"
EndProject
Project("{2150E333-8FDC-42A3-9474-1A3956D46DE8}") = "Infrastructure", "Infrastructure", "{0B2D6B7F-5697-4F06-A069-EE1744EFD229}"
EndProject
Project("{FAE04EC0-301F-11D3-BF4B-00C04F79EFBC}") = "Banking.Account.Command.Domain", "Banking.Account.Command.Domain\Banking.Account.Command.Domain.csproj", "{B299A99A-312D-4D7F-A970-D12A258007FF}"
EndProject
Project("{FAE04EC0-301F-11D3-BF4B-00C04F79EFBC}") = "Banking.Account.Command.Application", "Banking.Account.Command.Application\Banking.Account.Command.Application.csproj", "{7E3C90EC-CD2D-4561-B70E-378B5CE95F22}"
EndProject
Project("{FAE04EC0-301F-11D3-BF4B-00C04F79EFBC}") = "Banking.Account.Command.Infrastructure", "Banking.Account.Command.Infrastructure\Banking.Account.Command.Infrastructure.csproj", "{C8F35146-C240-4978-8FFB-7BAEAFA6B763}"
EndProject
Project("{2150E333-8FDC-42A3-9474-1A3956D46DE8}") = "Solution Items", "Solution Items", "{47B98536-359C-4376-9FDE-2EA2E44D5ED4}"
	ProjectSection(SolutionItems) = preProject
		.editorconfig = .editorconfig
	EndProjectSection
EndProject
Project("{FAE04EC0-301F-11D3-BF4B-00C04F79EFBC}") = "Banking.Account.Command.Api", "Banking.Account.Command.Api\Banking.Account.Command.Api.csproj", "{1932DFF0-FD02-4E60-BB24-556E2FDA9E1E}"
EndProject
Project("{2150E333-8FDC-42A3-9474-1A3956D46DE8}") = "Api", "Api", "{C22FC42D-7425-4153-BEB4-16B1B1043D76}"
EndProject
Project("{2150E333-8FDC-42A3-9474-1A3956D46DE8}") = "Application", "Application", "{862DD577-F531-4797-97CC-E300D0EAD625}"
EndProject
Project("{2150E333-8FDC-42A3-9474-1A3956D46DE8}") = "Domain", "Domain", "{3A7F556B-43A5-4FF6-9CB9-97AFC4703CB0}"
EndProject
Project("{2150E333-8FDC-42A3-9474-1A3956D46DE8}") = "Infrastructure", "Infrastructure", "{4021770A-1810-4A47-BF9D-413761CF8655}"
EndProject
Project("{2150E333-8FDC-42A3-9474-1A3956D46DE8}") = "Consumer", "Consumer", "{DE309C04-3FAA-4821-BFA0-B54DAC6D77BF}"
EndProject
Project("{FAE04EC0-301F-11D3-BF4B-00C04F79EFBC}") = "Banking.Account.Query.Domain", "Banking.Account.Query.Domain\Banking.Account.Query.Domain.csproj", "{682DCE94-776E-4016-A513-2BBE2A70B96A}"
EndProject
Project("{FAE04EC0-301F-11D3-BF4B-00C04F79EFBC}") = "Banking.Account.Query.Application", "Banking.Account.Query.Application\Banking.Account.Query.Application.csproj", "{5A16F2D8-8ECD-4186-8D0E-443CAE6FED91}"
EndProject
Project("{FAE04EC0-301F-11D3-BF4B-00C04F79EFBC}") = "Banking.Account.Query.Infrastructure", "Banking.Account.Query.Infrastructure\Banking.Account.Query.Infrastructure.csproj", "{A82ACA11-793A-4CFF-A959-FCC4591F84A3}"
EndProject
Project("{FAE04EC0-301F-11D3-BF4B-00C04F79EFBC}") = "Banking.Account.Query.Api", "Banking.Account.Query.Api\Banking.Account.Query.Api.csproj", "{2060813D-E77F-48DD-A2EC-32BE1ABEE725}"
EndProject
Project("{FAE04EC0-301F-11D3-BF4B-00C04F79EFBC}") = "Banking.Account.Query.Consumer", "Banking.Account.Query.Consumer\Banking.Account.Query.Consumer.csproj", "{C6E1465A-BEAE-44D2-8129-091795AD2229}"
EndProject
Global
	GlobalSection(SolutionConfigurationPlatforms) = preSolution
		Debug|Any CPU = Debug|Any CPU
		Release|Any CPU = Release|Any CPU
	EndGlobalSection
	GlobalSection(ProjectConfigurationPlatforms) = postSolution
		{3FBC71D4-2EC7-4D42-80BF-954A2E2C77C8}.Debug|Any CPU.ActiveCfg = Debug|Any CPU
		{3FBC71D4-2EC7-4D42-80BF-954A2E2C77C8}.Debug|Any CPU.Build.0 = Debug|Any CPU
		{3FBC71D4-2EC7-4D42-80BF-954A2E2C77C8}.Release|Any CPU.ActiveCfg = Release|Any CPU
		{3FBC71D4-2EC7-4D42-80BF-954A2E2C77C8}.Release|Any CPU.Build.0 = Release|Any CPU
		{B299A99A-312D-4D7F-A970-D12A258007FF}.Debug|Any CPU.ActiveCfg = Debug|Any CPU
		{B299A99A-312D-4D7F-A970-D12A258007FF}.Debug|Any CPU.Build.0 = Debug|Any CPU
		{B299A99A-312D-4D7F-A970-D12A258007FF}.Release|Any CPU.ActiveCfg = Release|Any CPU
		{B299A99A-312D-4D7F-A970-D12A258007FF}.Release|Any CPU.Build.0 = Release|Any CPU
		{7E3C90EC-CD2D-4561-B70E-378B5CE95F22}.Debug|Any CPU.ActiveCfg = Debug|Any CPU
		{7E3C90EC-CD2D-4561-B70E-378B5CE95F22}.Debug|Any CPU.Build.0 = Debug|Any CPU
		{7E3C90EC-CD2D-4561-B70E-378B5CE95F22}.Release|Any CPU.ActiveCfg = Release|Any CPU
		{7E3C90EC-CD2D-4561-B70E-378B5CE95F22}.Release|Any CPU.Build.0 = Release|Any CPU
		{C8F35146-C240-4978-8FFB-7BAEAFA6B763}.Debug|Any CPU.ActiveCfg = Debug|Any CPU
		{C8F35146-C240-4978-8FFB-7BAEAFA6B763}.Debug|Any CPU.Build.0 = Debug|Any CPU
		{C8F35146-C240-4978-8FFB-7BAEAFA6B763}.Release|Any CPU.ActiveCfg = Release|Any CPU
		{C8F35146-C240-4978-8FFB-7BAEAFA6B763}.Release|Any CPU.Build.0 = Release|Any CPU
		{1932DFF0-FD02-4E60-BB24-556E2FDA9E1E}.Debug|Any CPU.ActiveCfg = Debug|Any CPU
		{1932DFF0-FD02-4E60-BB24-556E2FDA9E1E}.Debug|Any CPU.Build.0 = Debug|Any CPU
		{1932DFF0-FD02-4E60-BB24-556E2FDA9E1E}.Release|Any CPU.ActiveCfg = Release|Any CPU
		{1932DFF0-FD02-4E60-BB24-556E2FDA9E1E}.Release|Any CPU.Build.0 = Release|Any CPU
		{682DCE94-776E-4016-A513-2BBE2A70B96A}.Debug|Any CPU.ActiveCfg = Debug|Any CPU
		{682DCE94-776E-4016-A513-2BBE2A70B96A}.Debug|Any CPU.Build.0 = Debug|Any CPU
		{682DCE94-776E-4016-A513-2BBE2A70B96A}.Release|Any CPU.ActiveCfg = Release|Any CPU
		{682DCE94-776E-4016-A513-2BBE2A70B96A}.Release|Any CPU.Build.0 = Release|Any CPU
		{5A16F2D8-8ECD-4186-8D0E-443CAE6FED91}.Debug|Any CPU.ActiveCfg = Debug|Any CPU
		{5A16F2D8-8ECD-4186-8D0E-443CAE6FED91}.Debug|Any CPU.Build.0 = Debug|Any CPU
		{5A16F2D8-8ECD-4186-8D0E-443CAE6FED91}.Release|Any CPU.ActiveCfg = Release|Any CPU
		{5A16F2D8-8ECD-4186-8D0E-443CAE6FED91}.Release|Any CPU.Build.0 = Release|Any CPU
		{A82ACA11-793A-4CFF-A959-FCC4591F84A3}.Debug|Any CPU.ActiveCfg = Debug|Any CPU
		{A82ACA11-793A-4CFF-A959-FCC4591F84A3}.Debug|Any CPU.Build.0 = Debug|Any CPU
		{A82ACA11-793A-4CFF-A959-FCC4591F84A3}.Release|Any CPU.ActiveCfg = Release|Any CPU
		{A82ACA11-793A-4CFF-A959-FCC4591F84A3}.Release|Any CPU.Build.0 = Release|Any CPU
		{2060813D-E77F-48DD-A2EC-32BE1ABEE725}.Debug|Any CPU.ActiveCfg = Debug|Any CPU
		{2060813D-E77F-48DD-A2EC-32BE1ABEE725}.Debug|Any CPU.Build.0 = Debug|Any CPU
		{2060813D-E77F-48DD-A2EC-32BE1ABEE725}.Release|Any CPU.ActiveCfg = Release|Any CPU
		{2060813D-E77F-48DD-A2EC-32BE1ABEE725}.Release|Any CPU.Build.0 = Release|Any CPU
		{C6E1465A-BEAE-44D2-8129-091795AD2229}.Debug|Any CPU.ActiveCfg = Debug|Any CPU
		{C6E1465A-BEAE-44D2-8129-091795AD2229}.Debug|Any CPU.Build.0 = Debug|Any CPU
		{C6E1465A-BEAE-44D2-8129-091795AD2229}.Release|Any CPU.ActiveCfg = Release|Any CPU
		{C6E1465A-BEAE-44D2-8129-091795AD2229}.Release|Any CPU.Build.0 = Release|Any CPU
	EndGlobalSection
	GlobalSection(SolutionProperties) = preSolution
		HideSolutionNode = FALSE
	EndGlobalSection
	GlobalSection(NestedProjects) = preSolution
		{D8608C47-23DF-40C5-BF6E-00FCEFF04978} = {CA32C65A-D543-42BB-98C3-BC374CCDD01A}
		{903F26D2-719B-4AE1-AA6A-1875F9431CCB} = {D8608C47-23DF-40C5-BF6E-00FCEFF04978}
		{7B6DCBC4-82F8-4DFD-8019-649E55285329} = {D8608C47-23DF-40C5-BF6E-00FCEFF04978}
		{3FBC71D4-2EC7-4D42-80BF-954A2E2C77C8} = {EFA52E9E-BB35-4B3C-847A-751CE82E33A7}
		{395DF1AD-FCA7-479E-87CA-AA35475D3FCC} = {903F26D2-719B-4AE1-AA6A-1875F9431CCB}
		{2DCF4E39-CDB2-4C27-97E8-D02E44210CA1} = {903F26D2-719B-4AE1-AA6A-1875F9431CCB}
		{3A627C75-CB32-4DAE-B32A-BBCD49BFF40C} = {903F26D2-719B-4AE1-AA6A-1875F9431CCB}
		{0B2D6B7F-5697-4F06-A069-EE1744EFD229} = {903F26D2-719B-4AE1-AA6A-1875F9431CCB}
		{B299A99A-312D-4D7F-A970-D12A258007FF} = {3A627C75-CB32-4DAE-B32A-BBCD49BFF40C}
		{7E3C90EC-CD2D-4561-B70E-378B5CE95F22} = {2DCF4E39-CDB2-4C27-97E8-D02E44210CA1}
		{C8F35146-C240-4978-8FFB-7BAEAFA6B763} = {0B2D6B7F-5697-4F06-A069-EE1744EFD229}
		{1932DFF0-FD02-4E60-BB24-556E2FDA9E1E} = {395DF1AD-FCA7-479E-87CA-AA35475D3FCC}
		{C22FC42D-7425-4153-BEB4-16B1B1043D76} = {7B6DCBC4-82F8-4DFD-8019-649E55285329}
		{862DD577-F531-4797-97CC-E300D0EAD625} = {7B6DCBC4-82F8-4DFD-8019-649E55285329}
		{3A7F556B-43A5-4FF6-9CB9-97AFC4703CB0} = {7B6DCBC4-82F8-4DFD-8019-649E55285329}
		{4021770A-1810-4A47-BF9D-413761CF8655} = {7B6DCBC4-82F8-4DFD-8019-649E55285329}
		{DE309C04-3FAA-4821-BFA0-B54DAC6D77BF} = {7B6DCBC4-82F8-4DFD-8019-649E55285329}
		{682DCE94-776E-4016-A513-2BBE2A70B96A} = {3A7F556B-43A5-4FF6-9CB9-97AFC4703CB0}
		{5A16F2D8-8ECD-4186-8D0E-443CAE6FED91} = {862DD577-F531-4797-97CC-E300D0EAD625}
		{A82ACA11-793A-4CFF-A959-FCC4591F84A3} = {4021770A-1810-4A47-BF9D-413761CF8655}
		{2060813D-E77F-48DD-A2EC-32BE1ABEE725} = {C22FC42D-7425-4153-BEB4-16B1B1043D76}
		{C6E1465A-BEAE-44D2-8129-091795AD2229} = {DE309C04-3FAA-4821-BFA0-B54DAC6D77BF}
	EndGlobalSection
EndGlobal
